{
  "name": "work",
  "version": "1.0.0",
  "lockfileVersion": 3,
  "requires": true,
  "packages": {
    "": {
      "name": "work",
      "version": "1.0.0",
      "license": "ISC",
      "dependencies": {
        "agent-browser": "^0.31.1"
      }
    },
    "node_modules/agent-browser": {
      "version": "0.31.1",
      "resolved": "https://registry.npmjs.org/agent-browser/-/agent-browser-0.31.1.tgz",
      "integrity": "sha512-RjgfT0EsHe1oZQbwzUqJTPb7w3sU8DGbbAjMxLNI5dW1y0cc81TbVsqgjqQJmsy3GEbEcKe/ryARwmWGqJAXXQ==",
      "hasInstallScript": true,
      "license": "Apache-2.0",
      "bin": {
        "agent-browser": "bin/agent-browser.js"
      },
      "engines": {
        "node": ">=24.0.0",
        "pnpm": ">=11.0.0"
      }
    }
  }
}
